
Microsoft Visual Studio Solution File, Format Version 12.00
# Visual Studio Version 17
VisualStudioVersion = 17.1.32228.430
MinimumVisualStudioVersion = 10.0.40219.1
Project("{9A19103F-16F7-4668-BE54-9A1E7A4F7556}") = "ProjectCode", "ProjectCode_Elden\ProjectCode.csproj", "{3076F2AF-4420-4C4A-8738-51C68AE27CAB}"
EndProject
Project("{9A19103F-16F7-4668-BE54-9A1E7A4F7556}") = "Framework", "Framework\Framework.csproj", "{BAE2DFFA-B509-495E-9204-C12050A74221}"
EndProject
Global
	GlobalSection(SolutionConfigurationPlatforms) = preSolution
		Debug|Any CPU = Debug|Any CPU
		Release|Any CPU = Release|Any CPU
	EndGlobalSection
	GlobalSection(ProjectConfigurationPlatforms) = postSolution
		{3076F2AF-4420-4C4A-8738-51C68AE27CAB}.Debug|Any CPU.ActiveCfg = Debug|Any CPU
		{3076F2AF-4420-4C4A-8738-51C68AE27CAB}.Debug|Any CPU.Build.0 = Debug|Any CPU
		{3076F2AF-4420-4C4A-8738-51C68AE27CAB}.Release|Any CPU.ActiveCfg = Release|Any CPU
		{3076F2AF-4420-4C4A-8738-51C68AE27CAB}.Release|Any CPU.Build.0 = Release|Any CPU
		{BAE2DFFA-B509-495E-9204-C12050A74221}.Debug|Any CPU.ActiveCfg = Debug|Any CPU
		{BAE2DFFA-B509-495E-9204-C12050A74221}.Debug|Any CPU.Build.0 = Debug|Any CPU
		{BAE2DFFA-B509-495E-9204-C12050A74221}.Release|Any CPU.ActiveCfg = Release|Any CPU
		{BAE2DFFA-B509-495E-9204-C12050A74221}.Release|Any CPU.Build.0 = Release|Any CPU
	EndGlobalSection
	GlobalSection(SolutionProperties) = preSolution
		HideSolutionNode = FALSE
	EndGlobalSection
	GlobalSection(ExtensibilityGlobals) = postSolution
		SolutionGuid = {3567D1B1-709C-482D-9155-7F7314E21586}
	EndGlobalSection
EndGlobal
